
Microsoft Visual Studio Solution File, Format Version 12.00
# Visual Studio Version 17
VisualStudioVersion = 17.2.32602.215
MinimumVisualStudioVersion = 10.0.40219.1
Project("{9A19103F-16F7-4668-BE54-9A1E7A4F7556}") = "BookReservation.Server", "Server\BookReservation.Server.csproj", "{84509F8A-89DF-49E6-BC26-B159DD047B1D}"
EndProject
Project("{9A19103F-16F7-4668-BE54-9A1E7A4F7556}") = "BookReservation.Client", "Client\BookReservation.Client.csproj", "{15A3A503-9B56-438D-97AE-286B1567BD99}"
EndProject
Project("{9A19103F-16F7-4668-BE54-9A1E7A4F7556}") = "BookReservation.Shared", "Shared\BookReservation.Shared.csproj", "{9221A2D5-1916-43D6-8FB0-2905FEDC3507}"
EndProject
Project("{9A19103F-16F7-4668-BE54-9A1E7A4F7556}") = "BookReservation.Data", "BookReservation.Data\BookReservation.Data.csproj", "{44D964EE-3499-445B-AE95-81F10974E06D}"
EndProject
Project("{2150E333-8FDC-42A3-9474-1A3956D46DE8}") = "Solution Items", "Solution Items", "{EAC2A1E4-68DE-4044-81EB-C1515808E810}"
	ProjectSection(SolutionItems) = preProject
		ef.txt = ef.txt
	EndProjectSection
EndProject
Global
	GlobalSection(SolutionConfigurationPlatforms) = preSolution
		Debug|Any CPU = Debug|Any CPU
		Release|Any CPU = Release|Any CPU
	EndGlobalSection
	GlobalSection(ProjectConfigurationPlatforms) = postSolution
		{84509F8A-89DF-49E6-BC26-B159DD047B1D}.Debug|Any CPU.ActiveCfg = Debug|Any CPU
		{84509F8A-89DF-49E6-BC26-B159DD047B1D}.Debug|Any CPU.Build.0 = Debug|Any CPU
		{84509F8A-89DF-49E6-BC26-B159DD047B1D}.Release|Any CPU.ActiveCfg = Release|Any CPU
		{84509F8A-89DF-49E6-BC26-B159DD047B1D}.Release|Any CPU.Build.0 = Release|Any CPU
		{15A3A503-9B56-438D-97AE-286B1567BD99}.Debug|Any CPU.ActiveCfg = Debug|Any CPU
		{15A3A503-9B56-438D-97AE-286B1567BD99}.Debug|Any CPU.Build.0 = Debug|Any CPU
		{15A3A503-9B56-438D-97AE-286B1567BD99}.Release|Any CPU.ActiveCfg = Release|Any CPU
		{15A3A503-9B56-438D-97AE-286B1567BD99}.Release|Any CPU.Build.0 = Release|Any CPU
		{9221A2D5-1916-43D6-8FB0-2905FEDC3507}.Debug|Any CPU.ActiveCfg = Debug|Any CPU
		{9221A2D5-1916-43D6-8FB0-2905FEDC3507}.Debug|Any CPU.Build.0 = Debug|Any CPU
		{9221A2D5-1916-43D6-8FB0-2905FEDC3507}.Release|Any CPU.ActiveCfg = Release|Any CPU
		{9221A2D5-1916-43D6-8FB0-2905FEDC3507}.Release|Any CPU.Build.0 = Release|Any CPU
		{44D964EE-3499-445B-AE95-81F10974E06D}.Debug|Any CPU.ActiveCfg = Debug|Any CPU
		{44D964EE-3499-445B-AE95-81F10974E06D}.Debug|Any CPU.Build.0 = Debug|Any CPU
		{44D964EE-3499-445B-AE95-81F10974E06D}.Release|Any CPU.ActiveCfg = Release|Any CPU
		{44D964EE-3499-445B-AE95-81F10974E06D}.Release|Any CPU.Build.0 = Release|Any CPU
	EndGlobalSection
	GlobalSection(SolutionProperties) = preSolution
		HideSolutionNode = FALSE
	EndGlobalSection
	GlobalSection(ExtensibilityGlobals) = postSolution
		SolutionGuid = {3EF26F89-61F0-46C0-A553-6C3629C70A67}
	EndGlobalSection
EndGlobal
